
Microsoft Visual Studio Solution File, Format Version 12.00
# Visual Studio Version 16
VisualStudioVersion = 16.0.30907.101
MinimumVisualStudioVersion = 10.0.40219.1
Project("{FAE04EC0-301F-11D3-BF4B-00C04F79EFBC}") = "PersonalWebsite", "PersonalWebsite\PersonalWebsite.csproj", "{BABF0AA1-CD36-4EBC-8B1F-5FD688992A1F}"
EndProject
Global
	GlobalSection(SolutionConfigurationPlatforms) = preSolution
		Debug|Any CPU = Debug|Any CPU
		Release|Any CPU = Release|Any CPU
	EndGlobalSection
	GlobalSection(ProjectConfigurationPlatforms) = postSolution
		{BABF0AA1-CD36-4EBC-8B1F-5FD688992A1F}.Debug|Any CPU.ActiveCfg = Debug|Any CPU
		{BABF0AA1-CD36-4EBC-8B1F-5FD688992A1F}.Debug|Any CPU.Build.0 = Debug|Any CPU
		{BABF0AA1-CD36-4EBC-8B1F-5FD688992A1F}.Release|Any CPU.ActiveCfg = Release|Any CPU
		{BABF0AA1-CD36-4EBC-8B1F-5FD688992A1F}.Release|Any CPU.Build.0 = Release|Any CPU
	EndGlobalSection
	GlobalSection(SolutionProperties) = preSolution
		HideSolutionNode = FALSE
	EndGlobalSection
	GlobalSection(ExtensibilityGlobals) = postSolution
		SolutionGuid = {14411B08-F9BE-4A97-930B-7252E20A1498}
	EndGlobalSection
EndGlobal
